
Microsoft Visual Studio Solution File, Format Version 12.00
# Visual Studio 15
VisualStudioVersion = 15.0.27428.2005
MinimumVisualStudioVersion = 10.0.40219.1
Project("{8BC9CEB8-8B4A-11D0-8D11-00A0C91BC942}") = "XGF", "XGF\XGF.vcxproj", "{4ADD6D63-DB8A-48A6-BFBC-667B9058112B}"
EndProject
Project("{8BC9CEB8-8B4A-11D0-8D11-00A0C91BC942}") = "BaseShapes", "Samples\BaseShapes\BaseShapes.vcxproj", "{1CB2FCD1-6DC5-4486-B475-4F4FCBCA9106}"
EndProject
Project("{8BC9CEB8-8B4A-11D0-8D11-00A0C91BC942}") = "Base3D", "Samples\Base3D\Base3D.vcxproj", "{661ADEDD-1DAF-4DFD-9151-B1AC17C65FDA}"
EndProject
Project("{8BC9CEB8-8B4A-11D0-8D11-00A0C91BC942}") = "UIs", "Samples\UIs\UIs.vcxproj", "{5ADBF000-9964-45D7-8C5E-63F3275453D9}"
EndProject
Global
	GlobalSection(SolutionConfigurationPlatforms) = preSolution
		Debug|x64 = Debug|x64
		Debug|x86 = Debug|x86
		MinRelease|x64 = MinRelease|x64
		MinRelease|x86 = MinRelease|x86
		Release|x64 = Release|x64
		Release|x86 = Release|x86
		RelWithDebInfo|x64 = RelWithDebInfo|x64
		RelWithDebInfo|x86 = RelWithDebInfo|x86
	EndGlobalSection
	GlobalSection(ProjectConfigurationPlatforms) = postSolution
		{4ADD6D63-DB8A-48A6-BFBC-667B9058112B}.Debug|x64.ActiveCfg = Debug|x64
		{4ADD6D63-DB8A-48A6-BFBC-667B9058112B}.Debug|x64.Build.0 = Debug|x64
		{4ADD6D63-DB8A-48A6-BFBC-667B9058112B}.Debug|x86.ActiveCfg = Debug|Win32
		{4ADD6D63-DB8A-48A6-BFBC-667B9058112B}.Debug|x86.Build.0 = Debug|Win32
		{4ADD6D63-DB8A-48A6-BFBC-667B9058112B}.MinRelease|x64.ActiveCfg = MinRelease|x64
		{4ADD6D63-DB8A-48A6-BFBC-667B9058112B}.MinRelease|x64.Build.0 = MinRelease|x64
		{4ADD6D63-DB8A-48A6-BFBC-667B9058112B}.MinRelease|x86.ActiveCfg = MinRelease|Win32
		{4ADD6D63-DB8A-48A6-BFBC-667B9058112B}.MinRelease|x86.Build.0 = MinRelease|Win32
		{4ADD6D63-DB8A-48A6-BFBC-667B9058112B}.Release|x64.ActiveCfg = Release|x64
		{4ADD6D63-DB8A-48A6-BFBC-667B9058112B}.Release|x64.Build.0 = Release|x64
		{4ADD6D63-DB8A-48A6-BFBC-667B9058112B}.Release|x86.ActiveCfg = Release|Win32
		{4ADD6D63-DB8A-48A6-BFBC-667B9058112B}.Release|x86.Build.0 = Release|Win32
		{4ADD6D63-DB8A-48A6-BFBC-667B9058112B}.RelWithDebInfo|x64.ActiveCfg = RelWithDebInfo|x64
		{4ADD6D63-DB8A-48A6-BFBC-667B9058112B}.RelWithDebInfo|x64.Build.0 = RelWithDebInfo|x64
		{4ADD6D63-DB8A-48A6-BFBC-667B9058112B}.RelWithDebInfo|x86.ActiveCfg = Release|Win32
		{4ADD6D63-DB8A-48A6-BFBC-667B9058112B}.RelWithDebInfo|x86.Build.0 = Release|Win32
		{1CB2FCD1-6DC5-4486-B475-4F4FCBCA9106}.Debug|x64.ActiveCfg = Debug|x64
		{1CB2FCD1-6DC5-4486-B475-4F4FCBCA9106}.Debug|x64.Build.0 = Debug|x64
		{1CB2FCD1-6DC5-4486-B475-4F4FCBCA9106}.Debug|x64.Deploy.0 = Debug|x64
		{1CB2FCD1-6DC5-4486-B475-4F4FCBCA9106}.Debug|x86.ActiveCfg = Debug|Win32
		{1CB2FCD1-6DC5-4486-B475-4F4FCBCA9106}.Debug|x86.Build.0 = Debug|Win32
		{1CB2FCD1-6DC5-4486-B475-4F4FCBCA9106}.MinRelease|x64.ActiveCfg = MinRelease|x64
		{1CB2FCD1-6DC5-4486-B475-4F4FCBCA9106}.MinRelease|x64.Build.0 = MinRelease|x64
		{1CB2FCD1-6DC5-4486-B475-4F4FCBCA9106}.MinRelease|x86.ActiveCfg = MinRelease|Win32
		{1CB2FCD1-6DC5-4486-B475-4F4FCBCA9106}.MinRelease|x86.Build.0 = MinRelease|Win32
		{1CB2FCD1-6DC5-4486-B475-4F4FCBCA9106}.Release|x64.ActiveCfg = Release|x64
		{1CB2FCD1-6DC5-4486-B475-4F4FCBCA9106}.Release|x64.Build.0 = Release|x64
		{1CB2FCD1-6DC5-4486-B475-4F4FCBCA9106}.Release|x86.ActiveCfg = Release|Win32
		{1CB2FCD1-6DC5-4486-B475-4F4FCBCA9106}.Release|x86.Build.0 = Release|Win32
		{1CB2FCD1-6DC5-4486-B475-4F4FCBCA9106}.RelWithDebInfo|x64.ActiveCfg = RelWithDebInfo|x64
		{1CB2FCD1-6DC5-4486-B475-4F4FCBCA9106}.RelWithDebInfo|x64.Build.0 = RelWithDebInfo|x64
		{1CB2FCD1-6DC5-4486-B475-4F4FCBCA9106}.RelWithDebInfo|x86.ActiveCfg = Release|Win32
		{1CB2FCD1-6DC5-4486-B475-4F4FCBCA9106}.RelWithDebInfo|x86.Build.0 = Release|Win32
		{661ADEDD-1DAF-4DFD-9151-B1AC17C65FDA}.Debug|x64.ActiveCfg = Debug|x64
		{661ADEDD-1DAF-4DFD-9151-B1AC17C65FDA}.Debug|x64.Build.0 = Debug|x64
		{661ADEDD-1DAF-4DFD-9151-B1AC17C65FDA}.Debug|x86.ActiveCfg = Debug|Win32
		{661ADEDD-1DAF-4DFD-9151-B1AC17C65FDA}.Debug|x86.Build.0 = Debug|Win32
		{661ADEDD-1DAF-4DFD-9151-B1AC17C65FDA}.MinRelease|x64.ActiveCfg = MinRelease|x64
		{661ADEDD-1DAF-4DFD-9151-B1AC17C65FDA}.MinRelease|x64.Build.0 = MinRelease|x64
		{661ADEDD-1DAF-4DFD-9151-B1AC17C65FDA}.MinRelease|x86.ActiveCfg = MinRelease|Win32
		{661ADEDD-1DAF-4DFD-9151-B1AC17C65FDA}.MinRelease|x86.Build.0 = MinRelease|Win32
		{661ADEDD-1DAF-4DFD-9151-B1AC17C65FDA}.Release|x64.ActiveCfg = Release|x64
		{661ADEDD-1DAF-4DFD-9151-B1AC17C65FDA}.Release|x64.Build.0 = Release|x64
		{661ADEDD-1DAF-4DFD-9151-B1AC17C65FDA}.Release|x86.ActiveCfg = Release|Win32
		{661ADEDD-1DAF-4DFD-9151-B1AC17C65FDA}.Release|x86.Build.0 = Release|Win32
		{661ADEDD-1DAF-4DFD-9151-B1AC17C65FDA}.RelWithDebInfo|x64.ActiveCfg = RelWithDebInfo|x64
		{661ADEDD-1DAF-4DFD-9151-B1AC17C65FDA}.RelWithDebInfo|x64.Build.0 = RelWithDebInfo|x64
		{661ADEDD-1DAF-4DFD-9151-B1AC17C65FDA}.RelWithDebInfo|x86.ActiveCfg = Release|Win32
		{661ADEDD-1DAF-4DFD-9151-B1AC17C65FDA}.RelWithDebInfo|x86.Build.0 = Release|Win32
		{5ADBF000-9964-45D7-8C5E-63F3275453D9}.Debug|x64.ActiveCfg = Debug|x64
		{5ADBF000-9964-45D7-8C5E-63F3275453D9}.Debug|x64.Build.0 = Debug|x64
		{5ADBF000-9964-45D7-8C5E-63F3275453D9}.Debug|x86.ActiveCfg = Debug|Win32
		{5ADBF000-9964-45D7-8C5E-63F3275453D9}.Debug|x86.Build.0 = Debug|Win32
		{5ADBF000-9964-45D7-8C5E-63F3275453D9}.MinRelease|x64.ActiveCfg = MinRelease|x64
		{5ADBF000-9964-45D7-8C5E-63F3275453D9}.MinRelease|x64.Build.0 = MinRelease|x64
		{5ADBF000-9964-45D7-8C5E-63F3275453D9}.MinRelease|x86.ActiveCfg = MinRelease|Win32
		{5ADBF000-9964-45D7-8C5E-63F3275453D9}.MinRelease|x86.Build.0 = MinRelease|Win32
		{5ADBF000-9964-45D7-8C5E-63F3275453D9}.Release|x64.ActiveCfg = Release|x64
		{5ADBF000-9964-45D7-8C5E-63F3275453D9}.Release|x64.Build.0 = Release|x64
		{5ADBF000-9964-45D7-8C5E-63F3275453D9}.Release|x86.ActiveCfg = Release|Win32
		{5ADBF000-9964-45D7-8C5E-63F3275453D9}.Release|x86.Build.0 = Release|Win32
		{5ADBF000-9964-45D7-8C5E-63F3275453D9}.RelWithDebInfo|x64.ActiveCfg = RelWithDebInfo|x64
		{5ADBF000-9964-45D7-8C5E-63F3275453D9}.RelWithDebInfo|x64.Build.0 = RelWithDebInfo|x64
		{5ADBF000-9964-45D7-8C5E-63F3275453D9}.RelWithDebInfo|x86.ActiveCfg = RelWithDebInfo|Win32
		{5ADBF000-9964-45D7-8C5E-63F3275453D9}.RelWithDebInfo|x86.Build.0 = RelWithDebInfo|Win32
	EndGlobalSection
	GlobalSection(SolutionProperties) = preSolution
		HideSolutionNode = FALSE
	EndGlobalSection
	GlobalSection(ExtensibilityGlobals) = postSolution
		SolutionGuid = {1963DF26-68A2-4460-ADD2-09F77DA3656D}
	EndGlobalSection
	GlobalSection(Performance) = preSolution
		HasPerformanceSessions = true
	EndGlobalSection
	GlobalSection(Performance) = preSolution
		HasPerformanceSessions = true
	EndGlobalSection
EndGlobal
