<?xml version="1.0" encoding="utf-8"?>
<Project ToolsVersion="4.0" xmlns="http://schemas.microsoft.com/developer/msbuild/2003">
  <ItemGroup>
    <Filter Include="源文件">
      <UniqueIdentifier>{4FC737F1-C7A5-4376-A066-2A32D752A2FF}</UniqueIdentifier>
      <Extensions>cpp;c;cc;cxx;def;odl;idl;hpj;bat;asm;asmx</Extensions>
    </Filter>
    <Filter Include="头文件">
      <UniqueIdentifier>{93995380-89BD-4b04-88EB-625FBE52EBFB}</UniqueIdentifier>
      <Extensions>h;hh;hpp;hxx;hm;inl;inc;xsd</Extensions>
    </Filter>
    <Filter Include="资源文件">
      <UniqueIdentifier>{67DA6AB6-F800-4c08-8B7A-83BB121AAD01}</UniqueIdentifier>
      <Extensions>rc;ico;cur;bmp;dlg;rc2;rct;bin;rgs;gif;jpg;jpeg;jpe;resx;tiff;tif;png;wav;mfcribbon-ms</Extensions>
    </Filter>
    <Filter Include="源文件\UI">
      <UniqueIdentifier>{6419abfa-be34-4643-8ec8-a16ac53aab9f}</UniqueIdentifier>
    </Filter>
    <Filter Include="源文件\Core">
      <UniqueIdentifier>{a83aaf3e-ec98-4ced-ba66-112925d40c91}</UniqueIdentifier>
    </Filter>
    <Filter Include="源文件\Helper">
      <UniqueIdentifier>{9987a747-71e1-4268-9150-9fbf877a437a}</UniqueIdentifier>
    </Filter>
    <Filter Include="源文件\Input">
      <UniqueIdentifier>{1b9c5b07-18ba-472e-8501-c9d5939b25c4}</UniqueIdentifier>
    </Filter>
    <Filter Include="源文件\Tools">
      <UniqueIdentifier>{085f58a4-8307-4f0d-a41d-0a40641799d6}</UniqueIdentifier>
    </Filter>
    <Filter Include="源文件\Animation">
      <UniqueIdentifier>{18e529f1-fff5-495b-9e40-df8d783308d7}</UniqueIdentifier>
    </Filter>
    <Filter Include="源文件\Shape">
      <UniqueIdentifier>{9abc97d8-6d2e-4639-a462-3dbde5f46592}</UniqueIdentifier>
    </Filter>
    <Filter Include="头文件\Interpolator">
      <UniqueIdentifier>{35202e4b-7c67-42e1-a069-f20c360feb3d}</UniqueIdentifier>
    </Filter>
    <Filter Include="源文件\Interpolator">
      <UniqueIdentifier>{241c9ed3-dad9-4ebc-9c52-ffb695f4f855}</UniqueIdentifier>
    </Filter>
    <Filter Include="源文件\Shape\Geometry">
      <UniqueIdentifier>{87c39f37-c932-4d8c-a277-d60c6f30ccfd}</UniqueIdentifier>
    </Filter>
    <Filter Include="头文件\Geometry">
      <UniqueIdentifier>{cf3d04ab-27e1-43d8-82bf-3fbec931b117}</UniqueIdentifier>
    </Filter>
    <Filter Include="源文件\Shape\Material">
      <UniqueIdentifier>{09319b49-b81c-4b70-84e4-83643deac185}</UniqueIdentifier>
    </Filter>
    <Filter Include="头文件\Material">
      <UniqueIdentifier>{ec34a47b-0f60-455f-9419-6f3a3925e3bc}</UniqueIdentifier>
    </Filter>
    <Filter Include="源文件\Shape\Light">
      <UniqueIdentifier>{d7cb9e9e-6e5c-43c3-b67f-c84d5e3aa171}</UniqueIdentifier>
    </Filter>
    <Filter Include="头文件\Light">
      <UniqueIdentifier>{4db70718-d768-4f2e-99cc-b06d5fb8a800}</UniqueIdentifier>
    </Filter>
  </ItemGroup>
  <ItemGroup>
    <ClInclude Include="Include\Action.hpp">
      <Filter>头文件</Filter>
    </ClInclude>
    <ClInclude Include="Include\Actor.hpp">
      <Filter>头文件</Filter>
    </ClInclude>
    <ClInclude Include="Include\Animation.hpp">
      <Filter>头文件</Filter>
    </ClInclude>
    <ClInclude Include="Include\Application.hpp">
      <Filter>头文件</Filter>
    </ClInclude>
    <ClInclude Include="Include\Asyn.hpp">
      <Filter>头文件</Filter>
    </ClInclude>
    <ClInclude Include="Include\Button.hpp">
      <Filter>头文件</Filter>
    </ClInclude>
    <ClInclude Include="Include\Camera.hpp">
      <Filter>头文件</Filter>
    </ClInclude>
    <ClInclude Include="Include\ClickHelper.hpp">
      <Filter>头文件</Filter>
    </ClInclude>
    <ClInclude Include="Include\Control.hpp">
      <Filter>头文件</Filter>
    </ClInclude>
    <ClInclude Include="Include\DDSTextureLoader.h">
      <Filter>头文件</Filter>
    </ClInclude>
    <ClInclude Include="Include\DebugInscriber.hpp">
      <Filter>头文件</Filter>
    </ClInclude>
    <ClInclude Include="Include\DX8Input.hpp">
      <Filter>头文件</Filter>
    </ClInclude>
    <ClInclude Include="Include\dxerr.h">
      <Filter>头文件</Filter>
    </ClInclude>
    <ClInclude Include="Include\Font.hpp">
      <Filter>头文件</Filter>
    </ClInclude>
    <ClInclude Include="Include\GDI.hpp">
      <Filter>头文件</Filter>
    </ClInclude>
    <ClInclude Include="Include\OrthoCamera.hpp">
      <Filter>头文件</Filter>
    </ClInclude>
    <ClInclude Include="Include\PerspectiveCamera.hpp">
      <Filter>头文件</Filter>
    </ClInclude>
    <ClInclude Include="Include\Polygon.hpp">
      <Filter>头文件</Filter>
    </ClInclude>
    <ClInclude Include="Include\Rectangle.hpp">
      <Filter>头文件</Filter>
    </ClInclude>
    <ClInclude Include="Include\Scene.hpp">
      <Filter>头文件</Filter>
    </ClInclude>
    <ClInclude Include="Include\ScreenGrab.h">
      <Filter>头文件</Filter>
    </ClInclude>
    <ClInclude Include="Include\Shader.hpp">
      <Filter>头文件</Filter>
    </ClInclude>
    <ClInclude Include="Include\Shape.hpp">
      <Filter>头文件</Filter>
    </ClInclude>
    <ClInclude Include="Include\TextRenderer.hpp">
      <Filter>头文件</Filter>
    </ClInclude>
    <ClInclude Include="Include\Texture.hpp">
      <Filter>头文件</Filter>
    </ClInclude>
    <ClInclude Include="Include\Timer.hpp">
      <Filter>头文件</Filter>
    </ClInclude>
    <ClInclude Include="Include\Tools.hpp">
      <Filter>头文件</Filter>
    </ClInclude>
    <ClInclude Include="Include\WICTextureLoader.h">
      <Filter>头文件</Filter>
    </ClInclude>
    <ClInclude Include="Include\XGF.h">
      <Filter>头文件</Filter>
    </ClInclude>
    <ClInclude Include="Include\XGFramework.hpp">
      <Filter>头文件</Filter>
    </ClInclude>
    <ClInclude Include="Include\AsyncTask.hpp">
      <Filter>头文件</Filter>
    </ClInclude>
    <ClInclude Include="Include\EditText.hpp">
      <Filter>头文件</Filter>
    </ClInclude>
    <ClInclude Include="Include\Interpolator\Interpolator.hpp">
      <Filter>头文件\Interpolator</Filter>
    </ClInclude>
    <ClInclude Include="Include\DelayAction.hpp">
      <Filter>头文件</Filter>
    </ClInclude>
    <ClInclude Include="Include\InputManager.hpp">
      <Filter>头文件</Filter>
    </ClInclude>
    <ClInclude Include="Include\RectangleB.hpp">
      <Filter>头文件</Filter>
    </ClInclude>
    <ClInclude Include="Include\Line.hpp">
      <Filter>头文件</Filter>
    </ClInclude>
    <ClInclude Include="Include\AxisRenderer.hpp">
      <Filter>头文件</Filter>
    </ClInclude>
    <ClInclude Include="Include\Bresenham.hpp">
      <Filter>头文件</Filter>
    </ClInclude>
    <ClInclude Include="Include\Actions.hpp">
      <Filter>头文件</Filter>
    </ClInclude>
    <ClInclude Include="Include\Defines.hpp">
      <Filter>头文件</Filter>
    </ClInclude>
    <ClInclude Include="Include\ShapeRenderer.hpp">
      <Filter>头文件</Filter>
    </ClInclude>
    <ClInclude Include="Include\Circle.hpp">
      <Filter>头文件</Filter>
    </ClInclude>
    <ClInclude Include="Include\GridRenderer.hpp">
      <Filter>头文件</Filter>
    </ClInclude>
    <ClInclude Include="Include\Caret.hpp">
      <Filter>头文件</Filter>
    </ClInclude>
    <ClInclude Include="Include\Cursor.hpp">
      <Filter>头文件</Filter>
    </ClInclude>
    <ClInclude Include="Include\TextLayoutShaper.hpp">
      <Filter>头文件</Filter>
    </ClInclude>
    <ClInclude Include="Include\SceneAnimation.hpp">
      <Filter>头文件</Filter>
    </ClInclude>
    <ClInclude Include="Include\FPSCamera.hpp">
      <Filter>头文件</Filter>
    </ClInclude>
    <ClInclude Include="Include\Label.hpp">
      <Filter>头文件</Filter>
    </ClInclude>
    <ClInclude Include="Include\Triangle.hpp">
      <Filter>头文件</Filter>
    </ClInclude>
    <ClInclude Include="Include\Event.hpp">
      <Filter>头文件</Filter>
    </ClInclude>
    <ClInclude Include="Include\EventDispatcher.hpp">
      <Filter>头文件</Filter>
    </ClInclude>
    <ClInclude Include="Include\Container.hpp">
      <Filter>头文件</Filter>
    </ClInclude>
    <ClInclude Include="Include\ResourceManager.hpp">
      <Filter>头文件</Filter>
    </ClInclude>
    <ClInclude Include="Include\TextInputProcessor.hpp">
      <Filter>头文件</Filter>
    </ClInclude>
    <ClInclude Include="Include\RectangleC.hpp">
      <Filter>头文件</Filter>
    </ClInclude>
    <ClInclude Include="Include\Shape2D.hpp">
      <Filter>头文件</Filter>
    </ClInclude>
    <ClInclude Include="Include\Geometry\BoxGeometry.hpp">
      <Filter>头文件\Geometry</Filter>
    </ClInclude>
    <ClInclude Include="Include\Geometry\Geometry.hpp">
      <Filter>头文件\Geometry</Filter>
    </ClInclude>
    <ClInclude Include="Include\Material\Material.hpp">
      <Filter>头文件\Material</Filter>
    </ClInclude>
    <ClInclude Include="Include\Mesh.hpp">
      <Filter>头文件</Filter>
    </ClInclude>
    <ClInclude Include="Include\Material\BasicMaterial.hpp">
      <Filter>头文件\Material</Filter>
    </ClInclude>
    <ClInclude Include="Include\MeshRenderer.hpp">
      <Filter>头文件</Filter>
    </ClInclude>
    <ClInclude Include="Include\SimpleMath.h">
      <Filter>头文件</Filter>
    </ClInclude>
    <ClInclude Include="Include\TrackballCameraController.hpp">
      <Filter>头文件</Filter>
    </ClInclude>
    <ClInclude Include="Include\Geometry\PlaneGeometry.hpp">
      <Filter>头文件\Geometry</Filter>
    </ClInclude>
    <ClInclude Include="Include\Logger.hpp">
      <Filter>头文件</Filter>
    </ClInclude>
    <ClInclude Include="Include\Geometry\SphereGeometry.hpp">
      <Filter>头文件</Filter>
    </ClInclude>
    <ClInclude Include="Include\Material\PhongMaterial.hpp">
      <Filter>头文件\Material</Filter>
    </ClInclude>
    <ClInclude Include="Include\Light\Light.hpp">
      <Filter>头文件\Light</Filter>
    </ClInclude>
    <ClInclude Include="Include\Light\DirectionalLight.hpp">
      <Filter>头文件\Light</Filter>
    </ClInclude>
    <ClInclude Include="Include\Light\PointLight.hpp">
      <Filter>头文件\Light</Filter>
    </ClInclude>
    <ClInclude Include="Include\Light\SpotLight.hpp">
      <Filter>头文件\Light</Filter>
    </ClInclude>
    <ClInclude Include="Include\Light\AmbientLight.hpp">
      <Filter>头文件\Light</Filter>
    </ClInclude>
    <ClInclude Include="Include\ShaderManager.hpp">
      <Filter>头文件</Filter>
    </ClInclude>
    <ClInclude Include="Include\Material\LightMaterial.hpp">
      <Filter>头文件\Material</Filter>
    </ClInclude>
    <ClInclude Include="Include\Material\LambertMaterial.hpp">
      <Filter>头文件\Material</Filter>
    </ClInclude>
    <ClInclude Include="Include\Context.hpp">
      <Filter>头文件</Filter>
    </ClInclude>
    <ClInclude Include="Include\Renderer.hpp">
      <Filter>头文件</Filter>
    </ClInclude>
    <ClInclude Include="Include\FrameRateLimiter.hpp">
      <Filter>头文件</Filter>
    </ClInclude>
    <ClInclude Include="Include\Concurrentqueue.hpp">
      <Filter>头文件</Filter>
    </ClInclude>
    <ClInclude Include="Include\ShadowGenerator.hpp">
      <Filter>头文件</Filter>
    </ClInclude>
    <ClInclude Include="Include\FrameBuffer.hpp">
      <Filter>头文件</Filter>
    </ClInclude>
    <ClInclude Include="Include\Shadow.hpp">
      <Filter>头文件</Filter>
    </ClInclude>
    <ClInclude Include="Include\RenderPath.hpp">
      <Filter>头文件</Filter>
    </ClInclude>
    <ClInclude Include="Include\SystemShaders.hpp">
      <Filter>头文件</Filter>
    </ClInclude>
  </ItemGroup>
  <ItemGroup>
    <ClCompile Include="Src\UI\Button.cpp">
      <Filter>源文件\UI</Filter>
    </ClCompile>
    <ClCompile Include="Src\UI\Control.cpp">
      <Filter>源文件\UI</Filter>
    </ClCompile>
    <ClCompile Include="Src\Core\Actor.cpp">
      <Filter>源文件\Core</Filter>
    </ClCompile>
    <ClCompile Include="Src\Core\Asyn.cpp">
      <Filter>源文件\Core</Filter>
    </ClCompile>
    <ClCompile Include="Src\Core\Camera.cpp">
      <Filter>源文件\Core</Filter>
    </ClCompile>
    <ClCompile Include="Src\Core\Font.cpp">
      <Filter>源文件\Core</Filter>
    </ClCompile>
    <ClCompile Include="Src\Core\GDI.cpp">
      <Filter>源文件\Core</Filter>
    </ClCompile>
    <ClCompile Include="Src\Core\OrthoCamera.cpp">
      <Filter>源文件\Core</Filter>
    </ClCompile>
    <ClCompile Include="Src\Core\PerspectiveCamera.cpp">
      <Filter>源文件\Core</Filter>
    </ClCompile>
    <ClCompile Include="Src\Core\Polygon.cpp">
      <Filter>源文件\Core</Filter>
    </ClCompile>
    <ClCompile Include="Src\Core\Scene.cpp">
      <Filter>源文件\Core</Filter>
    </ClCompile>
    <ClCompile Include="Src\Core\Shader.cpp">
      <Filter>源文件\Core</Filter>
    </ClCompile>
    <ClCompile Include="Src\Core\TextRenderer.cpp">
      <Filter>源文件\Core</Filter>
    </ClCompile>
    <ClCompile Include="Src\Core\Texture.cpp">
      <Filter>源文件\Core</Filter>
    </ClCompile>
    <ClCompile Include="Src\Core\XGFramework.cpp">
      <Filter>源文件\Core</Filter>
    </ClCompile>
    <ClCompile Include="Src\Helper\Application.cpp">
      <Filter>源文件\Helper</Filter>
    </ClCompile>
    <ClCompile Include="Src\Helper\ClickHelper.cpp">
      <Filter>源文件\Helper</Filter>
    </ClCompile>
    <ClCompile Include="Src\Input\DX8Input.cpp">
      <Filter>源文件\Input</Filter>
    </ClCompile>
    <ClCompile Include="Src\Tools\DDSTextureLoader.cpp">
      <Filter>源文件\Tools</Filter>
    </ClCompile>
    <ClCompile Include="Src\Tools\DebugInscriber.cpp">
      <Filter>源文件\Tools</Filter>
    </ClCompile>
    <ClCompile Include="Src\Tools\dxerr.cpp">
      <Filter>源文件\Tools</Filter>
    </ClCompile>
    <ClCompile Include="Src\Tools\ScreenGrab.cpp">
      <Filter>源文件\Tools</Filter>
    </ClCompile>
    <ClCompile Include="Src\Tools\Timer.cpp">
      <Filter>源文件\Tools</Filter>
    </ClCompile>
    <ClCompile Include="Src\Tools\Tools.cpp">
      <Filter>源文件\Tools</Filter>
    </ClCompile>
    <ClCompile Include="Src\Tools\WICTextureLoader.cpp">
      <Filter>源文件\Tools</Filter>
    </ClCompile>
    <ClCompile Include="Src\Animation\Action.cpp">
      <Filter>源文件\Animation</Filter>
    </ClCompile>
    <ClCompile Include="Src\Animation\Animation.cpp">
      <Filter>源文件\Animation</Filter>
    </ClCompile>
    <ClCompile Include="Src\Tools\AsyncTask.cpp">
      <Filter>源文件\Tools</Filter>
    </ClCompile>
    <ClCompile Include="Src\UI\EditText.cpp">
      <Filter>源文件\UI</Filter>
    </ClCompile>
    <ClCompile Include="Src\Shape\Rectangle.cpp">
      <Filter>源文件\Shape</Filter>
    </ClCompile>
    <ClCompile Include="Src\Shape\Shape.cpp">
      <Filter>源文件\Shape</Filter>
    </ClCompile>
    <ClCompile Include="Src\Input\InputManager.cpp">
      <Filter>源文件\Input</Filter>
    </ClCompile>
    <ClCompile Include="Src\Shape\RectangleB.cpp">
      <Filter>源文件\Shape</Filter>
    </ClCompile>
    <ClCompile Include="Src\Shape\Line.cpp">
      <Filter>源文件\Shape</Filter>
    </ClCompile>
    <ClCompile Include="Src\Tools\AxisRenderer.cpp">
      <Filter>源文件\Tools</Filter>
    </ClCompile>
    <ClCompile Include="Src\Tools\Bresenham.cpp">
      <Filter>源文件\Tools</Filter>
    </ClCompile>
    <ClCompile Include="Src\Animation\Actions.cpp">
      <Filter>源文件\Animation</Filter>
    </ClCompile>
    <ClCompile Include="Src\Core\ShapeRenderer.cpp">
      <Filter>源文件\Core</Filter>
    </ClCompile>
    <ClCompile Include="Src\Shape\Circle.cpp">
      <Filter>源文件\Shape</Filter>
    </ClCompile>
    <ClCompile Include="Src\Tools\GridRenderer.cpp">
      <Filter>源文件\Tools</Filter>
    </ClCompile>
    <ClCompile Include="Src\Core\Caret.cpp">
      <Filter>源文件\Core</Filter>
    </ClCompile>
    <ClCompile Include="Src\Core\Cursor.cpp">
      <Filter>源文件\Core</Filter>
    </ClCompile>
    <ClCompile Include="Src\Core\TextLayoutShaper.cpp">
      <Filter>源文件\Core</Filter>
    </ClCompile>
    <ClCompile Include="Src\Animation\SceneAnimation.cpp">
      <Filter>源文件\Animation</Filter>
    </ClCompile>
    <ClCompile Include="Src\Core\FPSCamera.cpp">
      <Filter>源文件\Core</Filter>
    </ClCompile>
    <ClCompile Include="Src\Interpolator\Interpolator.cpp">
      <Filter>源文件\Interpolator</Filter>
    </ClCompile>
    <ClCompile Include="Src\UI\Label.cpp">
      <Filter>源文件\UI</Filter>
    </ClCompile>
    <ClCompile Include="Src\Shape\Triangle.cpp">
      <Filter>源文件\Shape</Filter>
    </ClCompile>
    <ClCompile Include="Src\Core\EventDispatcher.cpp">
      <Filter>源文件\Core</Filter>
    </ClCompile>
    <ClCompile Include="Src\Core\Transform.cpp">
      <Filter>源文件\Core</Filter>
    </ClCompile>
    <ClCompile Include="Src\Core\ResourceManager.cpp">
      <Filter>源文件\Core</Filter>
    </ClCompile>
    <ClCompile Include="Src\Core\Container.cpp">
      <Filter>源文件\Core</Filter>
    </ClCompile>
    <ClCompile Include="Src\Input\TextInputProcessor.cpp">
      <Filter>源文件\Input</Filter>
    </ClCompile>
    <ClCompile Include="Src\Shape\RectangleC.cpp">
      <Filter>源文件\Shape</Filter>
    </ClCompile>
    <ClCompile Include="Src\Shape\Shape2D.cpp">
      <Filter>源文件\Shape</Filter>
    </ClCompile>
    <ClCompile Include="Src\Shape\Geometry\BoxGeometry.cpp">
      <Filter>源文件\Shape\Geometry</Filter>
    </ClCompile>
    <ClCompile Include="Src\Shape\Geometry\Geometry.cpp">
      <Filter>源文件\Shape\Geometry</Filter>
    </ClCompile>
    <ClCompile Include="Src\Shape\Material\Material.cpp">
      <Filter>源文件\Shape\Material</Filter>
    </ClCompile>
    <ClCompile Include="Src\Shape\Mesh.cpp">
      <Filter>源文件\Shape</Filter>
    </ClCompile>
    <ClCompile Include="Src\Shape\Material\BasicMaterial.cpp">
      <Filter>源文件\Shape\Material</Filter>
    </ClCompile>
    <ClCompile Include="Src\Shape\MeshRenderer.cpp">
      <Filter>源文件\Shape</Filter>
    </ClCompile>
    <ClCompile Include="Src\Tools\SimpleMath.cpp">
      <Filter>源文件\Tools</Filter>
    </ClCompile>
    <ClCompile Include="Src\Helper\TrackballCameraController.cpp">
      <Filter>源文件\Helper</Filter>
    </ClCompile>
    <ClCompile Include="Src\Shape\Geometry\PlaneGeometry.cpp">
      <Filter>源文件\Shape\Geometry</Filter>
    </ClCompile>
    <ClCompile Include="Src\Tools\Logger.cpp">
      <Filter>源文件\Tools</Filter>
    </ClCompile>
    <ClCompile Include="Src\Shape\Geometry\SphereGeometry.cpp">
      <Filter>源文件\Shape\Geometry</Filter>
    </ClCompile>
    <ClCompile Include="Src\Shape\Material\PhongMaterial.cpp">
      <Filter>源文件\Shape\Material</Filter>
    </ClCompile>
    <ClCompile Include="Src\Shape\Light\Light.cpp">
      <Filter>源文件\Shape\Light</Filter>
    </ClCompile>
    <ClCompile Include="Src\Core\ShaderManager.cpp">
      <Filter>源文件\Core</Filter>
    </ClCompile>
    <ClCompile Include="Src\Shape\Material\LightMaterial.cpp">
      <Filter>源文件\Shape\Material</Filter>
    </ClCompile>
    <ClCompile Include="Src\Shape\Material\LambertMaterial.cpp">
      <Filter>源文件\Shape\Material</Filter>
    </ClCompile>
    <ClCompile Include="Src\Shape\Light\AmbientLight.cpp">
      <Filter>源文件\Shape\Light</Filter>
    </ClCompile>
    <ClCompile Include="Src\Shape\Light\DirectionalLight.cpp">
      <Filter>源文件\Shape\Light</Filter>
    </ClCompile>
    <ClCompile Include="Src\Shape\Light\PointLight.cpp">
      <Filter>源文件\Shape\Light</Filter>
    </ClCompile>
    <ClCompile Include="Src\Shape\Light\SpotLight.cpp">
      <Filter>源文件\Shape\Light</Filter>
    </ClCompile>
    <ClCompile Include="Src\Core\Context.cpp">
      <Filter>源文件\Core</Filter>
    </ClCompile>
    <ClCompile Include="Src\Core\Renderer.cpp">
      <Filter>源文件\Core</Filter>
    </ClCompile>
    <ClCompile Include="Src\Tools\FrameRateLimiter.cpp">
      <Filter>源文件\Tools</Filter>
    </ClCompile>
    <ClCompile Include="Src\Shape\ShadowGenerator.cpp">
      <Filter>源文件\Shape</Filter>
    </ClCompile>
    <ClCompile Include="Src\Core\FrameBuffer.cpp">
      <Filter>源文件\Core</Filter>
    </ClCompile>
    <ClCompile Include="Src\Core\SystemShaders.cpp">
      <Filter>源文件\Core</Filter>
    </ClCompile>
  </ItemGroup>
  <ItemGroup>
    <None Include="Include\SimpleMath.inl">
      <Filter>头文件</Filter>
    </None>
  </ItemGroup>
</Project>