<?xml version="1.0" encoding="utf-8"?>
<Project ToolsVersion="4.0" xmlns="http://schemas.microsoft.com/developer/msbuild/2003">
  <ItemGroup>
    <Filter Include="源文件">
      <UniqueIdentifier>{4FC737F1-C7A5-4376-A066-2A32D752A2FF}</UniqueIdentifier>
      <Extensions>cpp;c;cc;cxx;def;odl;idl;hpj;bat;asm;asmx</Extensions>
    </Filter>
    <Filter Include="头文件">
      <UniqueIdentifier>{93995380-89BD-4b04-88EB-625FBE52EBFB}</UniqueIdentifier>
      <Extensions>h;hh;hpp;hxx;hm;inl;inc;xsd</Extensions>
    </Filter>
    <Filter Include="资源文件">
      <UniqueIdentifier>{67DA6AB6-F800-4c08-8B7A-83BB121AAD01}</UniqueIdentifier>
      <Extensions>rc;ico;cur;bmp;dlg;rc2;rct;bin;rgs;gif;jpg;jpeg;jpe;resx;tiff;tif;png;wav;mfcribbon-ms</Extensions>
    </Filter>
    <Filter Include="源文件\UI">
      <UniqueIdentifier>{6419abfa-be34-4643-8ec8-a16ac53aab9f}</UniqueIdentifier>
    </Filter>
    <Filter Include="源文件\Core">
      <UniqueIdentifier>{a83aaf3e-ec98-4ced-ba66-112925d40c91}</UniqueIdentifier>
    </Filter>
    <Filter Include="源文件\Helper">
      <UniqueIdentifier>{9987a747-71e1-4268-9150-9fbf877a437a}</UniqueIdentifier>
    </Filter>
    <Filter Include="源文件\Input">
      <UniqueIdentifier>{1b9c5b07-18ba-472e-8501-c9d5939b25c4}</UniqueIdentifier>
    </Filter>
    <Filter Include="源文件\Tools">
      <UniqueIdentifier>{085f58a4-8307-4f0d-a41d-0a40641799d6}</UniqueIdentifier>
    </Filter>
    <Filter Include="源文件\Animation">
      <UniqueIdentifier>{18e529f1-fff5-495b-9e40-df8d783308d7}</UniqueIdentifier>
    </Filter>
    <Filter Include="源文件\Shape">
      <UniqueIdentifier>{9abc97d8-6d2e-4639-a462-3dbde5f46592}</UniqueIdentifier>
    </Filter>
    <Filter Include="头文件\Interpolator">
      <UniqueIdentifier>{35202e4b-7c67-42e1-a069-f20c360feb3d}</UniqueIdentifier>
    </Filter>
    <Filter Include="源文件\Interpolator">
      <UniqueIdentifier>{241c9ed3-dad9-4ebc-9c52-ffb695f4f855}</UniqueIdentifier>
    </Filter>
  </ItemGroup>
  <ItemGroup>
    <ClInclude Include="Include\Action.hpp">
      <Filter>头文件</Filter>
    </ClInclude>
    <ClInclude Include="Include\Actor.hpp">
      <Filter>头文件</Filter>
    </ClInclude>
    <ClInclude Include="Include\Animation.hpp">
      <Filter>头文件</Filter>
    </ClInclude>
    <ClInclude Include="Include\Application.hpp">
      <Filter>头文件</Filter>
    </ClInclude>
    <ClInclude Include="Include\Asyn.hpp">
      <Filter>头文件</Filter>
    </ClInclude>
    <ClInclude Include="Include\Batch.hpp">
      <Filter>头文件</Filter>
    </ClInclude>
    <ClInclude Include="Include\Button.hpp">
      <Filter>头文件</Filter>
    </ClInclude>
    <ClInclude Include="Include\Camera.hpp">
      <Filter>头文件</Filter>
    </ClInclude>
    <ClInclude Include="Include\ClickHelper.hpp">
      <Filter>头文件</Filter>
    </ClInclude>
    <ClInclude Include="Include\Color.hpp">
      <Filter>头文件</Filter>
    </ClInclude>
    <ClInclude Include="Include\Control.hpp">
      <Filter>头文件</Filter>
    </ClInclude>
    <ClInclude Include="Include\DDSTextureLoader.h">
      <Filter>头文件</Filter>
    </ClInclude>
    <ClInclude Include="Include\DebugInscriber.hpp">
      <Filter>头文件</Filter>
    </ClInclude>
    <ClInclude Include="Include\DX8Input.hpp">
      <Filter>头文件</Filter>
    </ClInclude>
    <ClInclude Include="Include\dxerr.h">
      <Filter>头文件</Filter>
    </ClInclude>
    <ClInclude Include="Include\EventPool.hpp">
      <Filter>头文件</Filter>
    </ClInclude>
    <ClInclude Include="Include\Font.hpp">
      <Filter>头文件</Filter>
    </ClInclude>
    <ClInclude Include="Include\FPS.hpp">
      <Filter>头文件</Filter>
    </ClInclude>
    <ClInclude Include="Include\GDI.hpp">
      <Filter>头文件</Filter>
    </ClInclude>
    <ClInclude Include="Include\InputListener.hpp">
      <Filter>头文件</Filter>
    </ClInclude>
    <ClInclude Include="Include\Layer.hpp">
      <Filter>头文件</Filter>
    </ClInclude>
    <ClInclude Include="Include\LinkedList.hpp">
      <Filter>头文件</Filter>
    </ClInclude>
    <ClInclude Include="Include\Log.hpp">
      <Filter>头文件</Filter>
    </ClInclude>
    <ClInclude Include="Include\MoveToAction.hpp">
      <Filter>头文件</Filter>
    </ClInclude>
    <ClInclude Include="Include\MsgQueue.hpp">
      <Filter>头文件</Filter>
    </ClInclude>
    <ClInclude Include="Include\OrthoCamera.hpp">
      <Filter>头文件</Filter>
    </ClInclude>
    <ClInclude Include="Include\ParallelAction.hpp">
      <Filter>头文件</Filter>
    </ClInclude>
    <ClInclude Include="Include\PerspectiveCamera.hpp">
      <Filter>头文件</Filter>
    </ClInclude>
    <ClInclude Include="Include\Polygon.hpp">
      <Filter>头文件</Filter>
    </ClInclude>
    <ClInclude Include="Include\Rectangle.hpp">
      <Filter>头文件</Filter>
    </ClInclude>
    <ClInclude Include="Include\RotateToAction.hpp">
      <Filter>头文件</Filter>
    </ClInclude>
    <ClInclude Include="Include\ScaleToAction.hpp">
      <Filter>头文件</Filter>
    </ClInclude>
    <ClInclude Include="Include\Scene.hpp">
      <Filter>头文件</Filter>
    </ClInclude>
    <ClInclude Include="Include\ScreenGrab.h">
      <Filter>头文件</Filter>
    </ClInclude>
    <ClInclude Include="Include\Shader.hpp">
      <Filter>头文件</Filter>
    </ClInclude>
    <ClInclude Include="Include\Shape.hpp">
      <Filter>头文件</Filter>
    </ClInclude>
    <ClInclude Include="Include\TextRenderer.hpp">
      <Filter>头文件</Filter>
    </ClInclude>
    <ClInclude Include="Include\Texture.hpp">
      <Filter>头文件</Filter>
    </ClInclude>
    <ClInclude Include="Include\Timer.hpp">
      <Filter>头文件</Filter>
    </ClInclude>
    <ClInclude Include="Include\Tools.hpp">
      <Filter>头文件</Filter>
    </ClInclude>
    <ClInclude Include="Include\UILayer.hpp">
      <Filter>头文件</Filter>
    </ClInclude>
    <ClInclude Include="Include\WICTextureLoader.h">
      <Filter>头文件</Filter>
    </ClInclude>
    <ClInclude Include="Include\XGF.h">
      <Filter>头文件</Filter>
    </ClInclude>
    <ClInclude Include="Include\XGFramework.hpp">
      <Filter>头文件</Filter>
    </ClInclude>
    <ClInclude Include="Include\AsyncTask.hpp">
      <Filter>头文件</Filter>
    </ClInclude>
    <ClInclude Include="Include\EditText.hpp">
      <Filter>头文件</Filter>
    </ClInclude>
    <ClInclude Include="Include\Cube.hpp">
      <Filter>头文件</Filter>
    </ClInclude>
    <ClInclude Include="Include\Interpolator\Interpolator.hpp">
      <Filter>头文件\Interpolator</Filter>
    </ClInclude>
    <ClInclude Include="Include\SequenceAction.hpp">
      <Filter>头文件</Filter>
    </ClInclude>
    <ClInclude Include="Include\CompositeAction.hpp">
      <Filter>头文件</Filter>
    </ClInclude>
    <ClInclude Include="Include\ChangeColorAction.hpp">
      <Filter>头文件</Filter>
    </ClInclude>
    <ClInclude Include="Include\StateList.hpp">
      <Filter>头文件</Filter>
    </ClInclude>
    <ClInclude Include="Include\DelayAction.hpp">
      <Filter>头文件</Filter>
    </ClInclude>
    <ClInclude Include="Include\TextInputInterface.hpp">
      <Filter>头文件</Filter>
    </ClInclude>
    <ClInclude Include="Include\InputManager.hpp">
      <Filter>头文件</Filter>
    </ClInclude>
    <ClInclude Include="Include\RectangleB.hpp">
      <Filter>头文件</Filter>
    </ClInclude>
    <ClInclude Include="Include\ShaderConst.hpp">
      <Filter>头文件</Filter>
    </ClInclude>
    <ClInclude Include="Include\Batches.hpp">
      <Filter>头文件</Filter>
    </ClInclude>
    <ClInclude Include="Include\Line.hpp">
      <Filter>头文件</Filter>
    </ClInclude>
    <ClInclude Include="Include\AxisRenderer.hpp">
      <Filter>头文件</Filter>
    </ClInclude>
    <ClInclude Include="Include\Bresenham.hpp">
      <Filter>头文件</Filter>
    </ClInclude>
    <ClInclude Include="Include\ActionInterface.hpp">
      <Filter>头文件</Filter>
    </ClInclude>
    <ClInclude Include="Include\AlphaAction.hpp">
      <Filter>头文件</Filter>
    </ClInclude>
    <ClInclude Include="Include\ActionBuilder.hpp">
      <Filter>头文件</Filter>
    </ClInclude>
    <ClInclude Include="Include\Actions.hpp">
      <Filter>头文件</Filter>
    </ClInclude>
    <ClInclude Include="Include\UIBatches.hpp">
      <Filter>头文件</Filter>
    </ClInclude>
    <ClInclude Include="Include\Defines.hpp">
      <Filter>头文件</Filter>
    </ClInclude>
    <ClInclude Include="Include\RepeatAction.hpp">
      <Filter>头文件</Filter>
    </ClInclude>
    <ClInclude Include="Include\ShapeRenderer.hpp">
      <Filter>头文件</Filter>
    </ClInclude>
    <ClInclude Include="Include\Circle.hpp">
      <Filter>头文件</Filter>
    </ClInclude>
    <ClInclude Include="Include\RenderToTexture.hpp">
      <Filter>头文件</Filter>
    </ClInclude>
    <ClInclude Include="Include\GridRenderer.hpp">
      <Filter>头文件</Filter>
    </ClInclude>
    <ClInclude Include="Include\ConstantData.hpp">
      <Filter>头文件</Filter>
    </ClInclude>
    <ClInclude Include="Include\Caret.hpp">
      <Filter>头文件</Filter>
    </ClInclude>
    <ClInclude Include="Include\Cursor.hpp">
      <Filter>头文件</Filter>
    </ClInclude>
    <ClInclude Include="Include\TextLayoutShaper.hpp">
      <Filter>头文件</Filter>
    </ClInclude>
    <ClInclude Include="Include\SceneAnimation.hpp">
      <Filter>头文件</Filter>
    </ClInclude>
    <ClInclude Include="Include\FPSCamera.hpp">
      <Filter>头文件</Filter>
    </ClInclude>
    <ClInclude Include="Include\ParticleSystem.hpp">
      <Filter>头文件</Filter>
    </ClInclude>
    <ClInclude Include="Include\Buffer.hpp">
      <Filter>头文件</Filter>
    </ClInclude>
    <ClInclude Include="Include\Label.hpp">
      <Filter>头文件</Filter>
    </ClInclude>
    <ClInclude Include="Include\Triangle.hpp">
      <Filter>头文件</Filter>
    </ClInclude>
  </ItemGroup>
  <ItemGroup>
    <ClCompile Include="Src\UI\UILayer.cpp">
      <Filter>源文件\UI</Filter>
    </ClCompile>
    <ClCompile Include="Src\UI\Button.cpp">
      <Filter>源文件\UI</Filter>
    </ClCompile>
    <ClCompile Include="Src\UI\Control.cpp">
      <Filter>源文件\UI</Filter>
    </ClCompile>
    <ClCompile Include="Src\Core\Actor.cpp">
      <Filter>源文件\Core</Filter>
    </ClCompile>
    <ClCompile Include="Src\Core\Asyn.cpp">
      <Filter>源文件\Core</Filter>
    </ClCompile>
    <ClCompile Include="Src\Core\Batch.cpp">
      <Filter>源文件\Core</Filter>
    </ClCompile>
    <ClCompile Include="Src\Core\Camera.cpp">
      <Filter>源文件\Core</Filter>
    </ClCompile>
    <ClCompile Include="Src\Core\Font.cpp">
      <Filter>源文件\Core</Filter>
    </ClCompile>
    <ClCompile Include="Src\Core\FPS.cpp">
      <Filter>源文件\Core</Filter>
    </ClCompile>
    <ClCompile Include="Src\Core\GDI.cpp">
      <Filter>源文件\Core</Filter>
    </ClCompile>
    <ClCompile Include="Src\Core\Layer.cpp">
      <Filter>源文件\Core</Filter>
    </ClCompile>
    <ClCompile Include="Src\Core\MsgQueue.cpp">
      <Filter>源文件\Core</Filter>
    </ClCompile>
    <ClCompile Include="Src\Core\OrthoCamera.cpp">
      <Filter>源文件\Core</Filter>
    </ClCompile>
    <ClCompile Include="Src\Core\PerspectiveCamera.cpp">
      <Filter>源文件\Core</Filter>
    </ClCompile>
    <ClCompile Include="Src\Core\Polygon.cpp">
      <Filter>源文件\Core</Filter>
    </ClCompile>
    <ClCompile Include="Src\Core\Scene.cpp">
      <Filter>源文件\Core</Filter>
    </ClCompile>
    <ClCompile Include="Src\Core\Shader.cpp">
      <Filter>源文件\Core</Filter>
    </ClCompile>
    <ClCompile Include="Src\Core\TextRenderer.cpp">
      <Filter>源文件\Core</Filter>
    </ClCompile>
    <ClCompile Include="Src\Core\Texture.cpp">
      <Filter>源文件\Core</Filter>
    </ClCompile>
    <ClCompile Include="Src\Core\XGFramework.cpp">
      <Filter>源文件\Core</Filter>
    </ClCompile>
    <ClCompile Include="Src\Helper\Application.cpp">
      <Filter>源文件\Helper</Filter>
    </ClCompile>
    <ClCompile Include="Src\Helper\ClickHelper.cpp">
      <Filter>源文件\Helper</Filter>
    </ClCompile>
    <ClCompile Include="Src\Input\DX8Input.cpp">
      <Filter>源文件\Input</Filter>
    </ClCompile>
    <ClCompile Include="Src\Tools\DDSTextureLoader.cpp">
      <Filter>源文件\Tools</Filter>
    </ClCompile>
    <ClCompile Include="Src\Tools\DebugInscriber.cpp">
      <Filter>源文件\Tools</Filter>
    </ClCompile>
    <ClCompile Include="Src\Tools\dxerr.cpp">
      <Filter>源文件\Tools</Filter>
    </ClCompile>
    <ClCompile Include="Src\Tools\EventPool.cpp">
      <Filter>源文件\Tools</Filter>
    </ClCompile>
    <ClCompile Include="Src\Tools\Log.cpp">
      <Filter>源文件\Tools</Filter>
    </ClCompile>
    <ClCompile Include="Src\Tools\ScreenGrab.cpp">
      <Filter>源文件\Tools</Filter>
    </ClCompile>
    <ClCompile Include="Src\Tools\Timer.cpp">
      <Filter>源文件\Tools</Filter>
    </ClCompile>
    <ClCompile Include="Src\Tools\Tools.cpp">
      <Filter>源文件\Tools</Filter>
    </ClCompile>
    <ClCompile Include="Src\Tools\WICTextureLoader.cpp">
      <Filter>源文件\Tools</Filter>
    </ClCompile>
    <ClCompile Include="Src\Animation\Action.cpp">
      <Filter>源文件\Animation</Filter>
    </ClCompile>
    <ClCompile Include="Src\Animation\Animation.cpp">
      <Filter>源文件\Animation</Filter>
    </ClCompile>
    <ClCompile Include="Src\Animation\MoveToAction.cpp">
      <Filter>源文件\Animation</Filter>
    </ClCompile>
    <ClCompile Include="Src\Animation\ParallelAction.cpp">
      <Filter>源文件\Animation</Filter>
    </ClCompile>
    <ClCompile Include="Src\Animation\RotateToAction.cpp">
      <Filter>源文件\Animation</Filter>
    </ClCompile>
    <ClCompile Include="Src\Animation\ScaleToAction.cpp">
      <Filter>源文件\Animation</Filter>
    </ClCompile>
    <ClCompile Include="Src\Tools\AsyncTask.cpp">
      <Filter>源文件\Tools</Filter>
    </ClCompile>
    <ClCompile Include="Src\UI\EditText.cpp">
      <Filter>源文件\UI</Filter>
    </ClCompile>
    <ClCompile Include="Src\Shape\Rectangle.cpp">
      <Filter>源文件\Shape</Filter>
    </ClCompile>
    <ClCompile Include="Src\Shape\Shape.cpp">
      <Filter>源文件\Shape</Filter>
    </ClCompile>
    <ClCompile Include="Src\Shape\Cube.cpp">
      <Filter>源文件\Shape</Filter>
    </ClCompile>
    <ClCompile Include="Src\Animation\SequenceAction.cpp">
      <Filter>源文件\Animation</Filter>
    </ClCompile>
    <ClCompile Include="Src\Animation\CompositeAction.cpp">
      <Filter>源文件\Animation</Filter>
    </ClCompile>
    <ClCompile Include="Src\Animation\ChangeColorAction.cpp">
      <Filter>源文件\Animation</Filter>
    </ClCompile>
    <ClCompile Include="Src\Animation\DelayAction.cpp">
      <Filter>源文件\Animation</Filter>
    </ClCompile>
    <ClCompile Include="Src\Input\TextInputInterface.cpp">
      <Filter>源文件\Input</Filter>
    </ClCompile>
    <ClCompile Include="Src\Input\InputManager.cpp">
      <Filter>源文件\Input</Filter>
    </ClCompile>
    <ClCompile Include="Src\Shape\RectangleB.cpp">
      <Filter>源文件\Shape</Filter>
    </ClCompile>
    <ClCompile Include="Src\Core\ShaderConst.cpp">
      <Filter>源文件\Core</Filter>
    </ClCompile>
    <ClCompile Include="Src\Core\Batches.cpp">
      <Filter>源文件\Core</Filter>
    </ClCompile>
    <ClCompile Include="Src\Shape\Line.cpp">
      <Filter>源文件\Shape</Filter>
    </ClCompile>
    <ClCompile Include="Src\Tools\AxisRenderer.cpp">
      <Filter>源文件\Tools</Filter>
    </ClCompile>
    <ClCompile Include="Src\Tools\Bresenham.cpp">
      <Filter>源文件\Tools</Filter>
    </ClCompile>
    <ClCompile Include="Src\Animation\ActionBuilder.cpp">
      <Filter>源文件\Animation</Filter>
    </ClCompile>
    <ClCompile Include="Src\Animation\AlphaAction.cpp">
      <Filter>源文件\Animation</Filter>
    </ClCompile>
    <ClCompile Include="Src\Animation\Actions.cpp">
      <Filter>源文件\Animation</Filter>
    </ClCompile>
    <ClCompile Include="Src\UI\UIBatches.cpp">
      <Filter>源文件\UI</Filter>
    </ClCompile>
    <ClCompile Include="Src\Animation\RepeatAction.cpp">
      <Filter>源文件\Animation</Filter>
    </ClCompile>
    <ClCompile Include="Src\Core\ShapeRenderer.cpp">
      <Filter>源文件\Core</Filter>
    </ClCompile>
    <ClCompile Include="Src\Shape\Circle.cpp">
      <Filter>源文件\Shape</Filter>
    </ClCompile>
    <ClCompile Include="Src\Core\RenderToTexture.cpp">
      <Filter>源文件\Core</Filter>
    </ClCompile>
    <ClCompile Include="Src\Tools\GridRenderer.cpp">
      <Filter>源文件\Tools</Filter>
    </ClCompile>
    <ClCompile Include="Src\Core\ConstantData.cpp">
      <Filter>源文件\Core</Filter>
    </ClCompile>
    <ClCompile Include="Src\Core\Caret.cpp">
      <Filter>源文件\Core</Filter>
    </ClCompile>
    <ClCompile Include="Src\Core\Cursor.cpp">
      <Filter>源文件\Core</Filter>
    </ClCompile>
    <ClCompile Include="Src\Core\TextLayoutShaper.cpp">
      <Filter>源文件\Core</Filter>
    </ClCompile>
    <ClCompile Include="Src\Animation\SceneAnimation.cpp">
      <Filter>源文件\Animation</Filter>
    </ClCompile>
    <ClCompile Include="Src\Core\FPSCamera.cpp">
      <Filter>源文件\Core</Filter>
    </ClCompile>
    <ClCompile Include="Src\Core\ParticleSystem.cpp">
      <Filter>源文件\Core</Filter>
    </ClCompile>
    <ClCompile Include="Src\Core\Buffer.cpp">
      <Filter>源文件\Core</Filter>
    </ClCompile>
    <ClCompile Include="Src\Interpolator\Interpolator.cpp">
      <Filter>源文件\Interpolator</Filter>
    </ClCompile>
    <ClCompile Include="Src\UI\Label.cpp">
      <Filter>源文件\UI</Filter>
    </ClCompile>
    <ClCompile Include="Src\Shape\Triangle.cpp">
      <Filter>源文件\Shape</Filter>
    </ClCompile>
  </ItemGroup>
</Project>